{
  "version": 4,
  "terraform_version": "1.7.2",
  "serial": 193,
  "lineage": "10e60a81-e6c8-e167-9f07-e15e288af4d9",
  "outputs": {
    "application-url-client": {
      "value": "ec2-3-86-225-55.compute-1.amazonaws.com/",
      "type": "string"
    },
    "domain-name-client": {
      "value": "ec2-3-86-225-55.compute-1.amazonaws.com",
      "type": "string"
    },
    "domain-name-master": {
      "value": "ec2-52-55-99-124.compute-1.amazonaws.com",
      "type": "string"
    }
  },
  "resources": [
    {
      "mode": "data",
      "type": "http",
      "name": "my_ip",
      "provider": "provider[\"registry.terraform.io/hashicorp/http\"]",
      "instances": [
        {
          "schema_version": 0,
          "attributes": {
            "body": "186.151.92.170\n",
            "ca_cert_pem": null,
            "id": "http://ipv4.icanhazip.com",
            "insecure": null,
            "method": null,
            "request_body": null,
            "request_headers": null,
            "request_timeout_ms": null,
            "response_body": "186.151.92.170\n",
            "response_body_base64": "MTg2LjE1MS45Mi4xNzAK",
            "response_headers": {
              "Access-Control-Allow-Methods": "GET",
              "Access-Control-Allow-Origin": "*",
              "Alt-Svc": "h3=\":443\"; ma=86400",
              "Cf-Ray": "851feafd5abe6dbf-MIA",
              "Connection": "keep-alive",
              "Content-Length": "15",
              "Content-Type": "text/plain",
              "Date": "Thu, 08 Feb 2024 00:57:20 GMT",
              "Server": "cloudflare",
              "Set-Cookie": "__cf_bm=QPsp41zMosljxTVdODYfLRJcT_feTGDem2.FQ8S73cg-1707353840-1-ARAAO8IritFkyxT6GIMLnkvBlEKflEZixz+sifJWF0d5bXt1Qk8dHmod6ImlxHoRSWbt/tPv5Kvd0gn7yCmd5GM=; path=/; expires=Thu, 08-Feb-24 01:27:20 GMT; domain=.icanhazip.com; HttpOnly; SameSite=None",
              "Vary": "Accept-Encoding"
            },
            "retry": null,
            "status_code": 200,
            "url": "http://ipv4.icanhazip.com"
          },
          "sensitive_attributes": []
        }
      ]
    },
    {
      "mode": "managed",
      "type": "aws_instance",
      "name": "client",
      "provider": "provider[\"registry.terraform.io/hashicorp/aws\"]",
      "instances": [
        {
          "schema_version": 1,
          "attributes": {
            "ami": "ami-0277155c3f0ab2930",
            "arn": "arn:aws:ec2:us-east-1:289429463252:instance/i-050411494260f7df9",
            "associate_public_ip_address": true,
            "availability_zone": "us-east-1b",
            "capacity_reservation_specification": [
              {
                "capacity_reservation_preference": "open",
                "capacity_reservation_target": []
              }
            ],
            "cpu_core_count": 1,
            "cpu_options": [
              {
                "amd_sev_snp": "",
                "core_count": 1,
                "threads_per_core": 1
              }
            ],
            "cpu_threads_per_core": 1,
            "credit_specification": [
              {
                "cpu_credits": "standard"
              }
            ],
            "disable_api_stop": false,
            "disable_api_termination": false,
            "ebs_block_device": [],
            "ebs_optimized": false,
            "enclave_options": [
              {
                "enabled": false
              }
            ],
            "ephemeral_block_device": [],
            "get_password_data": false,
            "hibernation": false,
            "host_id": "",
            "host_resource_group_arn": null,
            "iam_instance_profile": "",
            "id": "i-050411494260f7df9",
            "instance_initiated_shutdown_behavior": "stop",
            "instance_lifecycle": "",
            "instance_market_options": [],
            "instance_state": "running",
            "instance_type": "t2.micro",
            "ipv6_address_count": 0,
            "ipv6_addresses": [],
            "key_name": "keyRSA_aws",
            "launch_template": [],
            "maintenance_options": [
              {
                "auto_recovery": "default"
              }
            ],
            "metadata_options": [
              {
                "http_endpoint": "enabled",
                "http_protocol_ipv6": "disabled",
                "http_put_response_hop_limit": 2,
                "http_tokens": "required",
                "instance_metadata_tags": "disabled"
              }
            ],
            "monitoring": false,
            "network_interface": [],
            "outpost_arn": "",
            "password_data": "",
            "placement_group": "",
            "placement_partition_number": 0,
            "primary_network_interface_id": "eni-01089b5f143630c58",
            "private_dns": "ip-172-31-91-127.ec2.internal",
            "private_dns_name_options": [
              {
                "enable_resource_name_dns_a_record": false,
                "enable_resource_name_dns_aaaa_record": false,
                "hostname_type": "ip-name"
              }
            ],
            "private_ip": "172.31.91.127",
            "public_dns": "ec2-3-86-225-55.compute-1.amazonaws.com",
            "public_ip": "3.86.225.55",
            "root_block_device": [
              {
                "delete_on_termination": true,
                "device_name": "/dev/xvda",
                "encrypted": false,
                "iops": 3000,
                "kms_key_id": "",
                "tags": {},
                "throughput": 125,
                "volume_id": "vol-04575f692023a0730",
                "volume_size": 8,
                "volume_type": "gp3"
              }
            ],
            "secondary_private_ips": [],
            "security_groups": [
              "lasting-cougar-sg"
            ],
            "source_dest_check": true,
            "spot_instance_request_id": "",
            "subnet_id": "subnet-04cf2b38a7c64f83c",
            "tags": {
              "Name": "client-lasting-cougar"
            },
            "tags_all": {
              "Name": "client-lasting-cougar"
            },
            "tenancy": "default",
            "timeouts": null,
            "user_data": null,
            "user_data_base64": null,
            "user_data_replace_on_change": false,
            "volume_tags": null,
            "vpc_security_group_ids": [
              "sg-03f318d95b886aa1e"
            ]
          },
          "sensitive_attributes": [],
          "private": "eyJlMmJmYjczMC1lY2FhLTExZTYtOGY4OC0zNDM2M2JjN2M0YzAiOnsiY3JlYXRlIjo2MDAwMDAwMDAwMDAsImRlbGV0ZSI6MTIwMDAwMDAwMDAwMCwidXBkYXRlIjo2MDAwMDAwMDAwMDB9LCJzY2hlbWFfdmVyc2lvbiI6IjEifQ==",
          "dependencies": [
            "aws_key_pair.keyRSA_pair",
            "aws_security_group.web-sg",
            "random_pet.name",
            "tls_private_key.keyRSA"
          ]
        }
      ]
    },
    {
      "mode": "managed",
      "type": "aws_instance",
      "name": "master",
      "provider": "provider[\"registry.terraform.io/hashicorp/aws\"]",
      "instances": [
        {
          "schema_version": 1,
          "attributes": {
            "ami": "ami-0277155c3f0ab2930",
            "arn": "arn:aws:ec2:us-east-1:289429463252:instance/i-0342cb42c349e9cd7",
            "associate_public_ip_address": true,
            "availability_zone": "us-east-1b",
            "capacity_reservation_specification": [
              {
                "capacity_reservation_preference": "open",
                "capacity_reservation_target": []
              }
            ],
            "cpu_core_count": 1,
            "cpu_options": [
              {
                "amd_sev_snp": "",
                "core_count": 1,
                "threads_per_core": 1
              }
            ],
            "cpu_threads_per_core": 1,
            "credit_specification": [
              {
                "cpu_credits": "standard"
              }
            ],
            "disable_api_stop": false,
            "disable_api_termination": false,
            "ebs_block_device": [],
            "ebs_optimized": false,
            "enclave_options": [
              {
                "enabled": false
              }
            ],
            "ephemeral_block_device": [],
            "get_password_data": false,
            "hibernation": false,
            "host_id": "",
            "host_resource_group_arn": null,
            "iam_instance_profile": "",
            "id": "i-0342cb42c349e9cd7",
            "instance_initiated_shutdown_behavior": "stop",
            "instance_lifecycle": "",
            "instance_market_options": [],
            "instance_state": "running",
            "instance_type": "t2.micro",
            "ipv6_address_count": 0,
            "ipv6_addresses": [],
            "key_name": "keyRSA_aws",
            "launch_template": [],
            "maintenance_options": [
              {
                "auto_recovery": "default"
              }
            ],
            "metadata_options": [
              {
                "http_endpoint": "enabled",
                "http_protocol_ipv6": "disabled",
                "http_put_response_hop_limit": 2,
                "http_tokens": "required",
                "instance_metadata_tags": "disabled"
              }
            ],
            "monitoring": false,
            "network_interface": [],
            "outpost_arn": "",
            "password_data": "",
            "placement_group": "",
            "placement_partition_number": 0,
            "primary_network_interface_id": "eni-00fa403bd644891d8",
            "private_dns": "ip-172-31-82-162.ec2.internal",
            "private_dns_name_options": [
              {
                "enable_resource_name_dns_a_record": false,
                "enable_resource_name_dns_aaaa_record": false,
                "hostname_type": "ip-name"
              }
            ],
            "private_ip": "172.31.82.162",
            "public_dns": "ec2-52-55-99-124.compute-1.amazonaws.com",
            "public_ip": "52.55.99.124",
            "root_block_device": [
              {
                "delete_on_termination": true,
                "device_name": "/dev/xvda",
                "encrypted": false,
                "iops": 3000,
                "kms_key_id": "",
                "tags": {},
                "throughput": 125,
                "volume_id": "vol-0c164b514bbd62659",
                "volume_size": 8,
                "volume_type": "gp3"
              }
            ],
            "secondary_private_ips": [],
            "security_groups": [
              "lasting-cougar-sg"
            ],
            "source_dest_check": true,
            "spot_instance_request_id": "",
            "subnet_id": "subnet-04cf2b38a7c64f83c",
            "tags": {
              "Name": "master-lasting-cougar"
            },
            "tags_all": {
              "Name": "master-lasting-cougar"
            },
            "tenancy": "default",
            "timeouts": null,
            "user_data": null,
            "user_data_base64": null,
            "user_data_replace_on_change": false,
            "volume_tags": null,
            "vpc_security_group_ids": [
              "sg-03f318d95b886aa1e"
            ]
          },
          "sensitive_attributes": [],
          "private": "eyJlMmJmYjczMC1lY2FhLTExZTYtOGY4OC0zNDM2M2JjN2M0YzAiOnsiY3JlYXRlIjo2MDAwMDAwMDAwMDAsImRlbGV0ZSI6MTIwMDAwMDAwMDAwMCwidXBkYXRlIjo2MDAwMDAwMDAwMDB9LCJzY2hlbWFfdmVyc2lvbiI6IjEifQ==",
          "dependencies": [
            "aws_instance.client",
            "aws_key_pair.keyRSA_pair",
            "aws_security_group.web-sg",
            "random_pet.name",
            "tls_private_key.keyRSA"
          ]
        }
      ]
    },
    {
      "mode": "managed",
      "type": "aws_key_pair",
      "name": "keyRSA_pair",
      "provider": "provider[\"registry.terraform.io/hashicorp/aws\"]",
      "instances": [
        {
          "schema_version": 1,
          "attributes": {
            "arn": "arn:aws:ec2:us-east-1:289429463252:key-pair/keyRSA_aws",
            "fingerprint": "fa:7c:75:4e:5f:35:c6:6e:64:b0:48:04:0e:3a:63:c6",
            "id": "keyRSA_aws",
            "key_name": "keyRSA_aws",
            "key_name_prefix": "",
            "key_pair_id": "key-0a35784c419fd33cc",
            "key_type": "rsa",
            "public_key": "ssh-rsa AAAAB3NzaC1yc2EAAAADAQABAAABAQCjTn+c2xc/SGLZ50N006cbu31s0l9/bBv1a3tLO4ASGBxPb6uuGtr2tWa8l0N1E65wVIM6ohpUCtQfQm587OFYpOzQ9fiIE3pjI6IQqEl1cDkdLJARR7kInKdrsCM3jTXtqBbTS8+EsryvtZZZND80AnJuDyYtV/5CAYeZ5VH9zQPZ5sKw981j1dJS8drtm4npRDK/ZuZLjnU2ZnfssljrhnyWXYGVp6sOcDI1pvIQYJpg2bufbQ777WJaE7liik3OTIv4LXryfz5k1A7cSnB2hsFAE27nbSo6yW/Fc9lblcvcbBdxiS/llIBoLr4e/rBMJfrHPzalAHz8S7FQYu/n",
            "tags": null,
            "tags_all": {}
          },
          "sensitive_attributes": [],
          "private": "eyJzY2hlbWFfdmVyc2lvbiI6IjEifQ==",
          "dependencies": [
            "tls_private_key.keyRSA"
          ]
        }
      ]
    },
    {
      "mode": "managed",
      "type": "aws_security_group",
      "name": "web-sg",
      "provider": "provider[\"registry.terraform.io/hashicorp/aws\"]",
      "instances": [
        {
          "schema_version": 1,
          "attributes": {
            "arn": "arn:aws:ec2:us-east-1:289429463252:security-group/sg-03f318d95b886aa1e",
            "description": "Managed by Terraform",
            "egress": [
              {
                "cidr_blocks": [
                  "0.0.0.0/0"
                ],
                "description": "",
                "from_port": 0,
                "ipv6_cidr_blocks": [],
                "prefix_list_ids": [],
                "protocol": "-1",
                "security_groups": [],
                "self": false,
                "to_port": 0
              }
            ],
            "id": "sg-03f318d95b886aa1e",
            "ingress": [
              {
                "cidr_blocks": [
                  "0.0.0.0/0"
                ],
                "description": "",
                "from_port": 22,
                "ipv6_cidr_blocks": [],
                "prefix_list_ids": [],
                "protocol": "tcp",
                "security_groups": [],
                "self": false,
                "to_port": 22
              },
              {
                "cidr_blocks": [
                  "0.0.0.0/0"
                ],
                "description": "",
                "from_port": 80,
                "ipv6_cidr_blocks": [],
                "prefix_list_ids": [],
                "protocol": "tcp",
                "security_groups": [],
                "self": false,
                "to_port": 80
              }
            ],
            "name": "lasting-cougar-sg",
            "name_prefix": "",
            "owner_id": "289429463252",
            "revoke_rules_on_delete": false,
            "tags": null,
            "tags_all": {},
            "timeouts": null,
            "vpc_id": "vpc-0c2d7a63d8657a642"
          },
          "sensitive_attributes": [],
          "private": "eyJlMmJmYjczMC1lY2FhLTExZTYtOGY4OC0zNDM2M2JjN2M0YzAiOnsiY3JlYXRlIjo2MDAwMDAwMDAwMDAsImRlbGV0ZSI6OTAwMDAwMDAwMDAwfSwic2NoZW1hX3ZlcnNpb24iOiIxIn0=",
          "dependencies": [
            "random_pet.name"
          ]
        }
      ]
    },
    {
      "mode": "managed",
      "type": "local_file",
      "name": "private_key",
      "provider": "provider[\"registry.terraform.io/hashicorp/local\"]",
      "instances": [
        {
          "schema_version": 0,
          "attributes": {
            "content": "-----BEGIN RSA PRIVATE KEY-----\nMIIEpQIBAAKCAQEAo05/nNsXP0hi2edDdNOnG7t9bNJff2wb9Wt7SzuAEhgcT2+r\nrhra9rVmvJdDdROucFSDOqIaVArUH0JufOzhWKTs0PX4iBN6YyOiEKhJdXA5HSyQ\nEUe5CJyna7AjN4017agW00vPhLK8r7WWWTQ/NAJybg8mLVf+QgGHmeVR/c0D2ebC\nsPfNY9XSUvHa7ZuJ6UQyv2bmS451NmZ37LJY64Z8ll2BlaerDnAyNabyEGCaYNm7\nn20O++1iWhO5YopNzkyL+C168n8+ZNQO3EpwdobBQBNu520qOslvxXPZW5XL3GwX\ncYkv5ZSAaC6+Hv6wTCX6xz82pQB8/EuxUGLv5wIDAQABAoIBAQCTLA1JmREMUPn1\nErvyL0Rsc72HMtgph45y0JheppK2u8/XrvXzg/RNXhHmaBO9ES2lwiQ51RkRIGkm\nesIEB57WOlvJvcJrL9KeQeCuTltVYPu31Q9I43BX2IXxQN2cFMDDGzbm2W19U29E\nksuaPMGw53ukwDZRqvlTFvnTsZ0Asi/u/O7OBJhuBqLGoe25YNvCeYXVBE9BQNko\nRwrotV4hwvHohauwxQaRga7zNw9hswwTmPm5T/5fXVN6n05t0OlbRw1icij9Q06l\nxbBu+Os3xFwSenDMfXf7zhMG1BVj6spomqd0qJ8uBTQpSbFp60MomWyROSb7Mu53\nvLX9a0ThAoGBAM/DlZNErnPQTdiqmsw2jwfM9yDI0qQAgEUpXSOrMhLo1ICEikuT\nR1QXavy7gO1SdjwXtzXdYTtolH15ZPIseoqJO6XNno0OqkVXrwKIuDKoSBQdVUaE\nMI0VoP2Sb9GMN5KwX/j22/G4oS0Tpu6FtR+PB3mrBIS7ktqyYnD36EvZAoGBAMk4\nmUSHDMUekzKqylEqMdt/fkO8yIN+WT2qMXpmYI8lEAac/ycJSETnx4crJjB22uL+\nkcgS0K4jN4YiziwV9rIuwl+rzeTDoDbvAqP8N86drNCYq/TQBWZccpz8HqbQbvzL\nzRQxN2zWVpm4HDxt5ZUx9JpKXbvNLUTlbxmEaoG/AoGBALA68JcYfPmTyVRtchyi\ncrRlMYJHlhSysBr6ORzWTAUqJYZV5pCwfqJfssppqbSka9IRM8Cm5aDk1n+QBwY8\noDz+pu+++CwiMl/bPoHhwoyFnY4iS4EjA6PIouQz4FFYpJLytJWTn4Dr4RtBPim4\nlKgORIL5gz2rdae4BDRatFoRAoGBAL0KgWOSBPtDyEJ3le8+1uxCENuOhkqS70Ax\nnp5BhEG3LiEoacXAwLaLkjZ44T3yy50qUMdIdejDiSxpkox0bfnkWBQNkjdzWheB\n4FczYzKni23FoPc0X35VKBA4BIvvkfXJefeYbVvA2kc8Yrqa/G94KTay2vDOx9LM\nQd4VOwJ9AoGAUaFA+o8ZnxTXsBaS6qMqtovxlBV8kBiy/zT6HABQX4GnKyuuGVXU\n+Gzynx5ahrI12WHnBZgCf42W2+Y2UjgNSm+ScrYhmX5/LfdFqwUWLf5HaM05Y+jz\nHJfS3gEuUuEtu3IyiUy7K7rIwwcikrrtbHlEIee/CzIGtbU7awAHZ6M=\n-----END RSA PRIVATE KEY-----\n",
            "content_base64": null,
            "content_base64sha256": "wEhp31N5+12ZVWh2DPTTjL+di/QSa8MvHVxUfKwLw0E=",
            "content_base64sha512": "tHwHrRJQdFISsCvVbUAFTyyhBHz2X0BCIqpoRcwCJn4EsCxzPKoAcWbQx6rzSEzlnvcfzkGD/YCaVtGftv8MRQ==",
            "content_md5": "532f3cae95ea3137c961b02db1b588bf",
            "content_sha1": "4274852d06305755c7fcb6e321f46d4ff79da5f4",
            "content_sha256": "c04869df5379fb5d995568760cf4d38cbf9d8bf4126bc32f1d5c547cac0bc341",
            "content_sha512": "b47c07ad1250745212b02bd56d40054f2ca1047cf65f404222aa6845cc02267e04b02c733caa007166d0c7aaf3484ce59ef71fce4183fd809a56d19fb6ff0c45",
            "directory_permission": "0777",
            "file_permission": "0777",
            "filename": "./keyRSA_aws.pem",
            "id": "4274852d06305755c7fcb6e321f46d4ff79da5f4",
            "sensitive_content": null,
            "source": null
          },
          "sensitive_attributes": [
            [
              {
                "type": "get_attr",
                "value": "content"
              }
            ]
          ],
          "dependencies": [
            "tls_private_key.keyRSA"
          ]
        }
      ]
    },
    {
      "mode": "managed",
      "type": "random_pet",
      "name": "name",
      "provider": "provider[\"registry.terraform.io/hashicorp/random\"]",
      "instances": [
        {
          "schema_version": 0,
          "attributes": {
            "id": "lasting-cougar",
            "keepers": null,
            "length": 2,
            "prefix": null,
            "separator": "-"
          },
          "sensitive_attributes": []
        }
      ]
    },
    {
      "mode": "managed",
      "type": "tls_private_key",
      "name": "keyRSA",
      "provider": "provider[\"registry.terraform.io/hashicorp/tls\"]",
      "instances": [
        {
          "schema_version": 1,
          "attributes": {
            "algorithm": "RSA",
            "ecdsa_curve": "P224",
            "id": "3961bf35f6e76d84d7b54f5c48676bb0388000a8",
            "private_key_openssh": "-----BEGIN OPENSSH PRIVATE KEY-----\nb3BlbnNzaC1rZXktdjEAAAAABG5vbmUAAAAEbm9uZQAAAAAAAAABAAABFwAAAAdz\nc2gtcnNhAAAAAwEAAQAAAQEAo05/nNsXP0hi2edDdNOnG7t9bNJff2wb9Wt7SzuA\nEhgcT2+rrhra9rVmvJdDdROucFSDOqIaVArUH0JufOzhWKTs0PX4iBN6YyOiEKhJ\ndXA5HSyQEUe5CJyna7AjN4017agW00vPhLK8r7WWWTQ/NAJybg8mLVf+QgGHmeVR\n/c0D2ebCsPfNY9XSUvHa7ZuJ6UQyv2bmS451NmZ37LJY64Z8ll2BlaerDnAyNaby\nEGCaYNm7n20O++1iWhO5YopNzkyL+C168n8+ZNQO3EpwdobBQBNu520qOslvxXPZ\nW5XL3GwXcYkv5ZSAaC6+Hv6wTCX6xz82pQB8/EuxUGLv5wAAA7hXhy/DV4cvwwAA\nAAdzc2gtcnNhAAABAQCjTn+c2xc/SGLZ50N006cbu31s0l9/bBv1a3tLO4ASGBxP\nb6uuGtr2tWa8l0N1E65wVIM6ohpUCtQfQm587OFYpOzQ9fiIE3pjI6IQqEl1cDkd\nLJARR7kInKdrsCM3jTXtqBbTS8+EsryvtZZZND80AnJuDyYtV/5CAYeZ5VH9zQPZ\n5sKw981j1dJS8drtm4npRDK/ZuZLjnU2ZnfssljrhnyWXYGVp6sOcDI1pvIQYJpg\n2bufbQ777WJaE7liik3OTIv4LXryfz5k1A7cSnB2hsFAE27nbSo6yW/Fc9lblcvc\nbBdxiS/llIBoLr4e/rBMJfrHPzalAHz8S7FQYu/nAAAAAwEAAQAAAQEAkywNSZkR\nDFD59RK78i9EbHO9hzLYKYeOctCYXqaStrvP167184P0TV4R5mgTvREtpcIkOdUZ\nESBpJnrCBAee1jpbyb3Cay/SnkHgrk5bVWD7t9UPSONwV9iF8UDdnBTAwxs25tlt\nfVNvRJLLmjzBsOd7pMA2Uar5Uxb507GdALIv7vzuzgSYbgaixqHtuWDbwnmF1QRP\nQUDZKEcK6LVeIcLx6IWrsMUGkYGu8zcPYbMME5j5uU/+X11Tep9ObdDpW0cNYnIo\n/UNOpcWwbvjrN8RcEnpwzH13+84TBtQVY+rKaJqndKifLgU0KUmxaetDKJlskTkm\n+zLud7y1/WtE4QAAAIBRoUD6jxmfFNewFpLqoyq2i/GUFXyQGLL/NPocAFBfgacr\nK64ZVdT4bPKfHlqGsjXZYecFmAJ/jZbb5jZSOA1Kb5JytiGZfn8t90WrBRYt/kdo\nzTlj6PMcl9LeAS5S4S27cjKJTLsrusjDByKSuu1seUQh578LMga1tTtrAAdnowAA\nAIEAz8OVk0Suc9BN2KqazDaPB8z3IMjSpACARSldI6syEujUgISKS5NHVBdq/LuA\n7VJ2PBe3Nd1hO2iUfXlk8ix6iok7pc2ejQ6qRVevAoi4MqhIFB1VRoQwjRWg/ZJv\n0Yw3krBf+Pbb8bihLROm7oW1H48HeasEhLuS2rJicPfoS9kAAACBAMk4mUSHDMUe\nkzKqylEqMdt/fkO8yIN+WT2qMXpmYI8lEAac/ycJSETnx4crJjB22uL+kcgS0K4j\nN4YiziwV9rIuwl+rzeTDoDbvAqP8N86drNCYq/TQBWZccpz8HqbQbvzLzRQxN2zW\nVpm4HDxt5ZUx9JpKXbvNLUTlbxmEaoG/AAAAAAEC\n-----END OPENSSH PRIVATE KEY-----\n",
            "private_key_pem": "-----BEGIN RSA PRIVATE KEY-----\nMIIEpQIBAAKCAQEAo05/nNsXP0hi2edDdNOnG7t9bNJff2wb9Wt7SzuAEhgcT2+r\nrhra9rVmvJdDdROucFSDOqIaVArUH0JufOzhWKTs0PX4iBN6YyOiEKhJdXA5HSyQ\nEUe5CJyna7AjN4017agW00vPhLK8r7WWWTQ/NAJybg8mLVf+QgGHmeVR/c0D2ebC\nsPfNY9XSUvHa7ZuJ6UQyv2bmS451NmZ37LJY64Z8ll2BlaerDnAyNabyEGCaYNm7\nn20O++1iWhO5YopNzkyL+C168n8+ZNQO3EpwdobBQBNu520qOslvxXPZW5XL3GwX\ncYkv5ZSAaC6+Hv6wTCX6xz82pQB8/EuxUGLv5wIDAQABAoIBAQCTLA1JmREMUPn1\nErvyL0Rsc72HMtgph45y0JheppK2u8/XrvXzg/RNXhHmaBO9ES2lwiQ51RkRIGkm\nesIEB57WOlvJvcJrL9KeQeCuTltVYPu31Q9I43BX2IXxQN2cFMDDGzbm2W19U29E\nksuaPMGw53ukwDZRqvlTFvnTsZ0Asi/u/O7OBJhuBqLGoe25YNvCeYXVBE9BQNko\nRwrotV4hwvHohauwxQaRga7zNw9hswwTmPm5T/5fXVN6n05t0OlbRw1icij9Q06l\nxbBu+Os3xFwSenDMfXf7zhMG1BVj6spomqd0qJ8uBTQpSbFp60MomWyROSb7Mu53\nvLX9a0ThAoGBAM/DlZNErnPQTdiqmsw2jwfM9yDI0qQAgEUpXSOrMhLo1ICEikuT\nR1QXavy7gO1SdjwXtzXdYTtolH15ZPIseoqJO6XNno0OqkVXrwKIuDKoSBQdVUaE\nMI0VoP2Sb9GMN5KwX/j22/G4oS0Tpu6FtR+PB3mrBIS7ktqyYnD36EvZAoGBAMk4\nmUSHDMUekzKqylEqMdt/fkO8yIN+WT2qMXpmYI8lEAac/ycJSETnx4crJjB22uL+\nkcgS0K4jN4YiziwV9rIuwl+rzeTDoDbvAqP8N86drNCYq/TQBWZccpz8HqbQbvzL\nzRQxN2zWVpm4HDxt5ZUx9JpKXbvNLUTlbxmEaoG/AoGBALA68JcYfPmTyVRtchyi\ncrRlMYJHlhSysBr6ORzWTAUqJYZV5pCwfqJfssppqbSka9IRM8Cm5aDk1n+QBwY8\noDz+pu+++CwiMl/bPoHhwoyFnY4iS4EjA6PIouQz4FFYpJLytJWTn4Dr4RtBPim4\nlKgORIL5gz2rdae4BDRatFoRAoGBAL0KgWOSBPtDyEJ3le8+1uxCENuOhkqS70Ax\nnp5BhEG3LiEoacXAwLaLkjZ44T3yy50qUMdIdejDiSxpkox0bfnkWBQNkjdzWheB\n4FczYzKni23FoPc0X35VKBA4BIvvkfXJefeYbVvA2kc8Yrqa/G94KTay2vDOx9LM\nQd4VOwJ9AoGAUaFA+o8ZnxTXsBaS6qMqtovxlBV8kBiy/zT6HABQX4GnKyuuGVXU\n+Gzynx5ahrI12WHnBZgCf42W2+Y2UjgNSm+ScrYhmX5/LfdFqwUWLf5HaM05Y+jz\nHJfS3gEuUuEtu3IyiUy7K7rIwwcikrrtbHlEIee/CzIGtbU7awAHZ6M=\n-----END RSA PRIVATE KEY-----\n",
            "private_key_pem_pkcs8": "-----BEGIN PRIVATE KEY-----\nMIIEvwIBADANBgkqhkiG9w0BAQEFAASCBKkwggSlAgEAAoIBAQCjTn+c2xc/SGLZ\n50N006cbu31s0l9/bBv1a3tLO4ASGBxPb6uuGtr2tWa8l0N1E65wVIM6ohpUCtQf\nQm587OFYpOzQ9fiIE3pjI6IQqEl1cDkdLJARR7kInKdrsCM3jTXtqBbTS8+Esryv\ntZZZND80AnJuDyYtV/5CAYeZ5VH9zQPZ5sKw981j1dJS8drtm4npRDK/ZuZLjnU2\nZnfssljrhnyWXYGVp6sOcDI1pvIQYJpg2bufbQ777WJaE7liik3OTIv4LXryfz5k\n1A7cSnB2hsFAE27nbSo6yW/Fc9lblcvcbBdxiS/llIBoLr4e/rBMJfrHPzalAHz8\nS7FQYu/nAgMBAAECggEBAJMsDUmZEQxQ+fUSu/IvRGxzvYcy2CmHjnLQmF6mkra7\nz9eu9fOD9E1eEeZoE70RLaXCJDnVGREgaSZ6wgQHntY6W8m9wmsv0p5B4K5OW1Vg\n+7fVD0jjcFfYhfFA3ZwUwMMbNubZbX1Tb0SSy5o8wbDne6TANlGq+VMW+dOxnQCy\nL+787s4EmG4Gosah7blg28J5hdUET0FA2ShHCui1XiHC8eiFq7DFBpGBrvM3D2Gz\nDBOY+blP/l9dU3qfTm3Q6VtHDWJyKP1DTqXFsG746zfEXBJ6cMx9d/vOEwbUFWPq\nymiap3Sony4FNClJsWnrQyiZbJE5Jvsy7ne8tf1rROECgYEAz8OVk0Suc9BN2Kqa\nzDaPB8z3IMjSpACARSldI6syEujUgISKS5NHVBdq/LuA7VJ2PBe3Nd1hO2iUfXlk\n8ix6iok7pc2ejQ6qRVevAoi4MqhIFB1VRoQwjRWg/ZJv0Yw3krBf+Pbb8bihLROm\n7oW1H48HeasEhLuS2rJicPfoS9kCgYEAyTiZRIcMxR6TMqrKUSox239+Q7zIg35Z\nPaoxemZgjyUQBpz/JwlIROfHhysmMHba4v6RyBLQriM3hiLOLBX2si7CX6vN5MOg\nNu8Co/w3zp2s0Jir9NAFZlxynPweptBu/MvNFDE3bNZWmbgcPG3llTH0mkpdu80t\nROVvGYRqgb8CgYEAsDrwlxh8+ZPJVG1yHKJytGUxgkeWFLKwGvo5HNZMBSolhlXm\nkLB+ol+yymmptKRr0hEzwKbloOTWf5AHBjygPP6m7774LCIyX9s+geHCjIWdjiJL\ngSMDo8ii5DPgUVikkvK0lZOfgOvhG0E+KbiUqA5EgvmDPat1p7gENFq0WhECgYEA\nvQqBY5IE+0PIQneV7z7W7EIQ246GSpLvQDGenkGEQbcuIShpxcDAtouSNnjhPfLL\nnSpQx0h16MOJLGmSjHRt+eRYFA2SN3NaF4HgVzNjMqeLbcWg9zRfflUoEDgEi++R\n9cl595htW8DaRzxiupr8b3gpNrLa8M7H0sxB3hU7An0CgYBRoUD6jxmfFNewFpLq\noyq2i/GUFXyQGLL/NPocAFBfgacrK64ZVdT4bPKfHlqGsjXZYecFmAJ/jZbb5jZS\nOA1Kb5JytiGZfn8t90WrBRYt/kdozTlj6PMcl9LeAS5S4S27cjKJTLsrusjDByKS\nuu1seUQh578LMga1tTtrAAdnow==\n-----END PRIVATE KEY-----\n",
            "public_key_fingerprint_md5": "e8:65:a8:e3:e0:d1:61:df:09:1d:b4:29:2a:d5:eb:ec",
            "public_key_fingerprint_sha256": "SHA256:6v54H8XUDt7+cw5s9X1Otw5N9QGmSoUu5vt4HMNbUxc",
            "public_key_openssh": "ssh-rsa AAAAB3NzaC1yc2EAAAADAQABAAABAQCjTn+c2xc/SGLZ50N006cbu31s0l9/bBv1a3tLO4ASGBxPb6uuGtr2tWa8l0N1E65wVIM6ohpUCtQfQm587OFYpOzQ9fiIE3pjI6IQqEl1cDkdLJARR7kInKdrsCM3jTXtqBbTS8+EsryvtZZZND80AnJuDyYtV/5CAYeZ5VH9zQPZ5sKw981j1dJS8drtm4npRDK/ZuZLjnU2ZnfssljrhnyWXYGVp6sOcDI1pvIQYJpg2bufbQ777WJaE7liik3OTIv4LXryfz5k1A7cSnB2hsFAE27nbSo6yW/Fc9lblcvcbBdxiS/llIBoLr4e/rBMJfrHPzalAHz8S7FQYu/n\n",
            "public_key_pem": "-----BEGIN PUBLIC KEY-----\nMIIBIjANBgkqhkiG9w0BAQEFAAOCAQ8AMIIBCgKCAQEAo05/nNsXP0hi2edDdNOn\nG7t9bNJff2wb9Wt7SzuAEhgcT2+rrhra9rVmvJdDdROucFSDOqIaVArUH0JufOzh\nWKTs0PX4iBN6YyOiEKhJdXA5HSyQEUe5CJyna7AjN4017agW00vPhLK8r7WWWTQ/\nNAJybg8mLVf+QgGHmeVR/c0D2ebCsPfNY9XSUvHa7ZuJ6UQyv2bmS451NmZ37LJY\n64Z8ll2BlaerDnAyNabyEGCaYNm7n20O++1iWhO5YopNzkyL+C168n8+ZNQO3Epw\ndobBQBNu520qOslvxXPZW5XL3GwXcYkv5ZSAaC6+Hv6wTCX6xz82pQB8/EuxUGLv\n5wIDAQAB\n-----END PUBLIC KEY-----\n",
            "rsa_bits": 2048
          },
          "sensitive_attributes": []
        }
      ]
    }
  ],
  "check_results": null
}
